{
  "originHash" : "d00dc3832237cb82359980607421ecac33b0a959437f3b2d5dcc5ff521725926",
  "pins" : [
    {
      "identity" : "swift-asn1",
      "kind" : "remoteSourceControl",
      "location" : "https://github.com/apple/swift-asn1.git",
      "state" : {
        "revision" : "810496cf121e525d660cd0ea89a758740476b85f",
        "version" : "1.5.1"
      }
    },
    {
      "identity" : "swift-crypto",
      "kind" : "remoteSourceControl",
      "location" : "https://github.com/apple/swift-crypto.git",
      "state" : {
        "revision" : "6f70fa9eab24c1fd982af18c281c4525d05e3095",
        "version" : "4.2.0"
      }
    }
  ],
  "version" : 2
}
