{
  "pins" : [
    {
      "identity" : "swift-crypto",
      "kind" : "remoteSourceControl",
      "location" : "https://github.com/apple/swift-crypto.git",
      "state" : {
        "revision" : "e8d6eba1fef23ae5b359c46b03f7d94be2f41fed",
        "version" : "3.12.3"
      }
    }
  ],
  "version" : 2
}
